{
    "_readme": [
        "This file locks the dependencies of your project to a known state",
        "Read more about it at https://getcomposer.org/doc/01-basic-usage.md#installing-dependencies",
        "This file is @generated automatically"
    ],
    "content-hash": "091522fb44e0e97f0eecbd8884545e46",
    "packages": [
        {
            "name": "wikimedia/aho-corasick",
            "version": "v1.0.1",
            "source": {
                "type": "git",
                "url": "https://github.com/wikimedia/AhoCorasick.git",
                "reference": "2f3a1bd765913637a66eade658d11d82f0e551be"
            },
            "dist": {
                "type": "zip",
                "url": "https://api.github.com/repos/wikimedia/AhoCorasick/zipball/2f3a1bd765913637a66eade658d11d82f0e551be",
                "reference": "2f3a1bd765913637a66eade658d11d82f0e551be",
                "shasum": ""
            },
            "require": {
                "php": ">=5.5.9"
            },
            "require-dev": {
                "jakub-onderka/php-console-highlighter": "0.3.2",
                "jakub-onderka/php-parallel-lint": "1.0.0",
                "mediawiki/mediawiki-codesniffer": "18.0.0",
                "mediawiki/minus-x": "0.3.1",
                "phpunit/phpunit": "4.8.36 || ^6.5"
            },
            "type": "library",
            "autoload": {
                "classmap": [
                    "src/"
                ]
            },
            "notification-url": "https://packagist.org/downloads/",
            "license": [
                "Apache-2.0"
            ],
            "authors": [
                {
                    "name": "Ori Livneh",
                    "email": "ori@wikimedia.org"
                }
            ],
            "description": "An implementation of the Aho-Corasick string matching algorithm.",
            "homepage": "https://gerrit.wikimedia.org/g/AhoCorasick",
            "keywords": [
                "ahocorasick",
                "matcher"
            ],
            "support": {
                "source": "https://github.com/wikimedia/AhoCorasick/tree/v1.0.1"
            },
            "time": "2018-05-01T18:13:32+00:00"
        }
    ],
    "packages-dev": [],
    "aliases": [],
    "minimum-stability": "stable",
    "stability-flags": [],
    "prefer-stable": false,
    "prefer-lowest": false,
    "platform": [],
    "platform-dev": [],
    "plugin-api-version": "2.0.0"
}
